
Microsoft Visual Studio Solution File, Format Version 12.00
# Visual Studio Version 17
VisualStudioVersion = 17.5.002.0
MinimumVisualStudioVersion = 10.0.40219.1
Project("{9A19103F-16F7-4668-BE54-9A1E7A4F7556}") = "SuperMarketDashboard", "SuperMarketDashboard.csproj", "{96D597FE-F9F7-48BC-AFDD-DDE2D7EB3F3C}"
EndProject
Global
	GlobalSection(SolutionConfigurationPlatforms) = preSolution
		Debug|Any CPU = Debug|Any CPU
		Release|Any CPU = Release|Any CPU
	EndGlobalSection
	GlobalSection(ProjectConfigurationPlatforms) = postSolution
		{96D597FE-F9F7-48BC-AFDD-DDE2D7EB3F3C}.Debug|Any CPU.ActiveCfg = Debug|Any CPU
		{96D597FE-F9F7-48BC-AFDD-DDE2D7EB3F3C}.Debug|Any CPU.Build.0 = Debug|Any CPU
		{96D597FE-F9F7-48BC-AFDD-DDE2D7EB3F3C}.Release|Any CPU.ActiveCfg = Release|Any CPU
		{96D597FE-F9F7-48BC-AFDD-DDE2D7EB3F3C}.Release|Any CPU.Build.0 = Release|Any CPU
	EndGlobalSection
	GlobalSection(SolutionProperties) = preSolution
		HideSolutionNode = FALSE
	EndGlobalSection
	GlobalSection(ExtensibilityGlobals) = postSolution
		SolutionGuid = {4EF8997C-8F69-4659-B4ED-57C4D1BEC789}
	EndGlobalSection
EndGlobal
